{
  "name": "maven-build-dependencies",
  "version": "1.0.0",
  "lockfileVersion": 3,
  "requires": true,
  "packages": {
    "": {
      "name": "maven-build-dependencies",
      "version": "1.0.0",
      "license": "Copyright Robert Bosch Manufacturing Solutions GmbH, Germany. All rights reserved.",
      "dependencies": {
        "tree-sitter-cli": "^0.25.10"
      }
    },
    "node_modules/tree-sitter-cli": {
      "version": "0.25.10",
      "resolved": "https://registry.npmjs.org/tree-sitter-cli/-/tree-sitter-cli-0.25.10.tgz",
      "integrity": "sha512-KoebQguKMCIghisEOdA372TIbrUl0kdnfZ9YQIBRAeOvNSKe85XbU4LuFW7hduRUwJj0rAG7pX5wo9sZhbBF1g==",
      "hasInstallScript": true,
      "license": "MIT",
      "bin": {
        "tree-sitter": "cli.js"
      },
      "engines": {
        "node": ">=12.0.0"
      }
    }
  }
}
